
Microsoft Visual Studio Solution File, Format Version 12.00
# Visual Studio 15
VisualStudioVersion = 15.0.27428.2043
MinimumVisualStudioVersion = 10.0.40219.1
Project("{FAE04EC0-301F-11D3-BF4B-00C04F79EFBC}") = "Sentrac_Logg.Android", "Sentrac_Logg\Sentrac_Logg.Android\Sentrac_Logg.Android.csproj", "{B488198B-A096-4CA1-AD30-4BEFF3613300}"
EndProject
Project("{FAE04EC0-301F-11D3-BF4B-00C04F79EFBC}") = "Sentrac_Logg.iOS", "Sentrac_Logg\Sentrac_Logg.iOS\Sentrac_Logg.iOS.csproj", "{D0633B6B-46B4-4E8B-A73B-894CB0D020A1}"
EndProject
Project("{FAE04EC0-301F-11D3-BF4B-00C04F79EFBC}") = "Sentrac_Logg.UWP", "Sentrac_Logg\Sentrac_Logg.UWP\Sentrac_Logg.UWP.csproj", "{91DB64CB-C08A-4E38-9566-3F0E653EE891}"
EndProject
Project("{D954291E-2A0B-460D-934E-DC6B0785DB48}") = "Sentrac_Logg", "Sentrac_Logg\Sentrac_Logg\Sentrac_Logg.shproj", "{0E39D185-588A-41CA-B0D7-4B5F7777B048}"
EndProject
Global
	GlobalSection(SharedMSBuildProjectFiles) = preSolution
		Sentrac_Logg\Sentrac_Logg\Sentrac_Logg.projitems*{0e39d185-588a-41ca-b0d7-4b5f7777b048}*SharedItemsImports = 13
		Sentrac_Logg\Sentrac_Logg\Sentrac_Logg.projitems*{91db64cb-c08a-4e38-9566-3f0e653ee891}*SharedItemsImports = 4
		Sentrac_Logg\Sentrac_Logg\Sentrac_Logg.projitems*{b488198b-a096-4ca1-ad30-4beff3613300}*SharedItemsImports = 4
		Sentrac_Logg\Sentrac_Logg\Sentrac_Logg.projitems*{d0633b6b-46b4-4e8b-a73b-894cb0d020a1}*SharedItemsImports = 4
	EndGlobalSection
	GlobalSection(SolutionConfigurationPlatforms) = preSolution
		Ad-Hoc|Any CPU = Ad-Hoc|Any CPU
		Ad-Hoc|ARM = Ad-Hoc|ARM
		Ad-Hoc|iPhone = Ad-Hoc|iPhone
		Ad-Hoc|iPhoneSimulator = Ad-Hoc|iPhoneSimulator
		Ad-Hoc|x64 = Ad-Hoc|x64
		Ad-Hoc|x86 = Ad-Hoc|x86
		AppStore|Any CPU = AppStore|Any CPU
		AppStore|ARM = AppStore|ARM
		AppStore|iPhone = AppStore|iPhone
		AppStore|iPhoneSimulator = AppStore|iPhoneSimulator
		AppStore|x64 = AppStore|x64
		AppStore|x86 = AppStore|x86
		Debug|Any CPU = Debug|Any CPU
		Debug|ARM = Debug|ARM
		Debug|iPhone = Debug|iPhone
		Debug|iPhoneSimulator = Debug|iPhoneSimulator
		Debug|x64 = Debug|x64
		Debug|x86 = Debug|x86
		Release|Any CPU = Release|Any CPU
		Release|ARM = Release|ARM
		Release|iPhone = Release|iPhone
		Release|iPhoneSimulator = Release|iPhoneSimulator
		Release|x64 = Release|x64
		Release|x86 = Release|x86
	EndGlobalSection
	GlobalSection(ProjectConfigurationPlatforms) = postSolution
		{B488198B-A096-4CA1-AD30-4BEFF3613300}.Ad-Hoc|Any CPU.ActiveCfg = Release|Any CPU
		{B488198B-A096-4CA1-AD30-4BEFF3613300}.Ad-Hoc|Any CPU.Build.0 = Release|Any CPU
		{B488198B-A096-4CA1-AD30-4BEFF3613300}.Ad-Hoc|Any CPU.Deploy.0 = Release|Any CPU
		{B488198B-A096-4CA1-AD30-4BEFF3613300}.Ad-Hoc|ARM.ActiveCfg = Release|Any CPU
		{B488198B-A096-4CA1-AD30-4BEFF3613300}.Ad-Hoc|ARM.Build.0 = Release|Any CPU
		{B488198B-A096-4CA1-AD30-4BEFF3613300}.Ad-Hoc|ARM.Deploy.0 = Release|Any CPU
		{B488198B-A096-4CA1-AD30-4BEFF3613300}.Ad-Hoc|iPhone.ActiveCfg = Release|Any CPU
		{B488198B-A096-4CA1-AD30-4BEFF3613300}.Ad-Hoc|iPhone.Build.0 = Release|Any CPU
		{B488198B-A096-4CA1-AD30-4BEFF3613300}.Ad-Hoc|iPhone.Deploy.0 = Release|Any CPU
		{B488198B-A096-4CA1-AD30-4BEFF3613300}.Ad-Hoc|iPhoneSimulator.ActiveCfg = Release|Any CPU
		{B488198B-A096-4CA1-AD30-4BEFF3613300}.Ad-Hoc|iPhoneSimulator.Build.0 = Release|Any CPU
		{B488198B-A096-4CA1-AD30-4BEFF3613300}.Ad-Hoc|iPhoneSimulator.Deploy.0 = Release|Any CPU
		{B488198B-A096-4CA1-AD30-4BEFF3613300}.Ad-Hoc|x64.ActiveCfg = Release|Any CPU
		{B488198B-A096-4CA1-AD30-4BEFF3613300}.Ad-Hoc|x64.Build.0 = Release|Any CPU
		{B488198B-A096-4CA1-AD30-4BEFF3613300}.Ad-Hoc|x64.Deploy.0 = Release|Any CPU
		{B488198B-A096-4CA1-AD30-4BEFF3613300}.Ad-Hoc|x86.ActiveCfg = Release|Any CPU
		{B488198B-A096-4CA1-AD30-4BEFF3613300}.Ad-Hoc|x86.Build.0 = Release|Any CPU
		{B488198B-A096-4CA1-AD30-4BEFF3613300}.Ad-Hoc|x86.Deploy.0 = Release|Any CPU
		{B488198B-A096-4CA1-AD30-4BEFF3613300}.AppStore|Any CPU.ActiveCfg = Release|Any CPU
		{B488198B-A096-4CA1-AD30-4BEFF3613300}.AppStore|Any CPU.Build.0 = Release|Any CPU
		{B488198B-A096-4CA1-AD30-4BEFF3613300}.AppStore|Any CPU.Deploy.0 = Release|Any CPU
		{B488198B-A096-4CA1-AD30-4BEFF3613300}.AppStore|ARM.ActiveCfg = Release|Any CPU
		{B488198B-A096-4CA1-AD30-4BEFF3613300}.AppStore|ARM.Build.0 = Release|Any CPU
		{B488198B-A096-4CA1-AD30-4BEFF3613300}.AppStore|ARM.Deploy.0 = Release|Any CPU
		{B488198B-A096-4CA1-AD30-4BEFF3613300}.AppStore|iPhone.ActiveCfg = Release|Any CPU
		{B488198B-A096-4CA1-AD30-4BEFF3613300}.AppStore|iPhone.Build.0 = Release|Any CPU
		{B488198B-A096-4CA1-AD30-4BEFF3613300}.AppStore|iPhone.Deploy.0 = Release|Any CPU
		{B488198B-A096-4CA1-AD30-4BEFF3613300}.AppStore|iPhoneSimulator.ActiveCfg = Release|Any CPU
		{B488198B-A096-4CA1-AD30-4BEFF3613300}.AppStore|iPhoneSimulator.Build.0 = Release|Any CPU
		{B488198B-A096-4CA1-AD30-4BEFF3613300}.AppStore|iPhoneSimulator.Deploy.0 = Release|Any CPU
		{B488198B-A096-4CA1-AD30-4BEFF3613300}.AppStore|x64.ActiveCfg = Release|Any CPU
		{B488198B-A096-4CA1-AD30-4BEFF3613300}.AppStore|x64.Build.0 = Release|Any CPU
		{B488198B-A096-4CA1-AD30-4BEFF3613300}.AppStore|x64.Deploy.0 = Release|Any CPU
		{B488198B-A096-4CA1-AD30-4BEFF3613300}.AppStore|x86.ActiveCfg = Release|Any CPU
		{B488198B-A096-4CA1-AD30-4BEFF3613300}.AppStore|x86.Build.0 = Release|Any CPU
		{B488198B-A096-4CA1-AD30-4BEFF3613300}.AppStore|x86.Deploy.0 = Release|Any CPU
		{B488198B-A096-4CA1-AD30-4BEFF3613300}.Debug|Any CPU.ActiveCfg = Debug|Any CPU
		{B488198B-A096-4CA1-AD30-4BEFF3613300}.Debug|Any CPU.Build.0 = Debug|Any CPU
		{B488198B-A096-4CA1-AD30-4BEFF3613300}.Debug|Any CPU.Deploy.0 = Debug|Any CPU
		{B488198B-A096-4CA1-AD30-4BEFF3613300}.Debug|ARM.ActiveCfg = Debug|Any CPU
		{B488198B-A096-4CA1-AD30-4BEFF3613300}.Debug|ARM.Build.0 = Debug|Any CPU
		{B488198B-A096-4CA1-AD30-4BEFF3613300}.Debug|ARM.Deploy.0 = Debug|Any CPU
		{B488198B-A096-4CA1-AD30-4BEFF3613300}.Debug|iPhone.ActiveCfg = Debug|Any CPU
		{B488198B-A096-4CA1-AD30-4BEFF3613300}.Debug|iPhone.Build.0 = Debug|Any CPU
		{B488198B-A096-4CA1-AD30-4BEFF3613300}.Debug|iPhone.Deploy.0 = Debug|Any CPU
		{B488198B-A096-4CA1-AD30-4BEFF3613300}.Debug|iPhoneSimulator.ActiveCfg = Debug|Any CPU
		{B488198B-A096-4CA1-AD30-4BEFF3613300}.Debug|iPhoneSimulator.Build.0 = Debug|Any CPU
		{B488198B-A096-4CA1-AD30-4BEFF3613300}.Debug|iPhoneSimulator.Deploy.0 = Debug|Any CPU
		{B488198B-A096-4CA1-AD30-4BEFF3613300}.Debug|x64.ActiveCfg = Debug|Any CPU
		{B488198B-A096-4CA1-AD30-4BEFF3613300}.Debug|x64.Build.0 = Debug|Any CPU
		{B488198B-A096-4CA1-AD30-4BEFF3613300}.Debug|x64.Deploy.0 = Debug|Any CPU
		{B488198B-A096-4CA1-AD30-4BEFF3613300}.Debug|x86.ActiveCfg = Debug|Any CPU
		{B488198B-A096-4CA1-AD30-4BEFF3613300}.Debug|x86.Build.0 = Debug|Any CPU
		{B488198B-A096-4CA1-AD30-4BEFF3613300}.Debug|x86.Deploy.0 = Debug|Any CPU
		{B488198B-A096-4CA1-AD30-4BEFF3613300}.Release|Any CPU.ActiveCfg = Release|Any CPU
		{B488198B-A096-4CA1-AD30-4BEFF3613300}.Release|Any CPU.Build.0 = Release|Any CPU
		{B488198B-A096-4CA1-AD30-4BEFF3613300}.Release|Any CPU.Deploy.0 = Release|Any CPU
		{B488198B-A096-4CA1-AD30-4BEFF3613300}.Release|ARM.ActiveCfg = Release|Any CPU
		{B488198B-A096-4CA1-AD30-4BEFF3613300}.Release|ARM.Build.0 = Release|Any CPU
		{B488198B-A096-4CA1-AD30-4BEFF3613300}.Release|ARM.Deploy.0 = Release|Any CPU
		{B488198B-A096-4CA1-AD30-4BEFF3613300}.Release|iPhone.ActiveCfg = Release|Any CPU
		{B488198B-A096-4CA1-AD30-4BEFF3613300}.Release|iPhone.Build.0 = Release|Any CPU
		{B488198B-A096-4CA1-AD30-4BEFF3613300}.Release|iPhone.Deploy.0 = Release|Any CPU
		{B488198B-A096-4CA1-AD30-4BEFF3613300}.Release|iPhoneSimulator.ActiveCfg = Release|Any CPU
		{B488198B-A096-4CA1-AD30-4BEFF3613300}.Release|iPhoneSimulator.Build.0 = Release|Any CPU
		{B488198B-A096-4CA1-AD30-4BEFF3613300}.Release|iPhoneSimulator.Deploy.0 = Release|Any CPU
		{B488198B-A096-4CA1-AD30-4BEFF3613300}.Release|x64.ActiveCfg = Release|Any CPU
		{B488198B-A096-4CA1-AD30-4BEFF3613300}.Release|x64.Build.0 = Release|Any CPU
		{B488198B-A096-4CA1-AD30-4BEFF3613300}.Release|x64.Deploy.0 = Release|Any CPU
		{B488198B-A096-4CA1-AD30-4BEFF3613300}.Release|x86.ActiveCfg = Release|Any CPU
		{B488198B-A096-4CA1-AD30-4BEFF3613300}.Release|x86.Build.0 = Release|Any CPU
		{B488198B-A096-4CA1-AD30-4BEFF3613300}.Release|x86.Deploy.0 = Release|Any CPU
		{D0633B6B-46B4-4E8B-A73B-894CB0D020A1}.Ad-Hoc|Any CPU.ActiveCfg = Ad-Hoc|iPhone
		{D0633B6B-46B4-4E8B-A73B-894CB0D020A1}.Ad-Hoc|ARM.ActiveCfg = Ad-Hoc|iPhone
		{D0633B6B-46B4-4E8B-A73B-894CB0D020A1}.Ad-Hoc|iPhone.ActiveCfg = Ad-Hoc|iPhone
		{D0633B6B-46B4-4E8B-A73B-894CB0D020A1}.Ad-Hoc|iPhone.Build.0 = Ad-Hoc|iPhone
		{D0633B6B-46B4-4E8B-A73B-894CB0D020A1}.Ad-Hoc|iPhoneSimulator.ActiveCfg = Ad-Hoc|iPhoneSimulator
		{D0633B6B-46B4-4E8B-A73B-894CB0D020A1}.Ad-Hoc|iPhoneSimulator.Build.0 = Ad-Hoc|iPhoneSimulator
		{D0633B6B-46B4-4E8B-A73B-894CB0D020A1}.Ad-Hoc|x64.ActiveCfg = Ad-Hoc|iPhone
		{D0633B6B-46B4-4E8B-A73B-894CB0D020A1}.Ad-Hoc|x86.ActiveCfg = Ad-Hoc|iPhone
		{D0633B6B-46B4-4E8B-A73B-894CB0D020A1}.AppStore|Any CPU.ActiveCfg = AppStore|iPhone
		{D0633B6B-46B4-4E8B-A73B-894CB0D020A1}.AppStore|ARM.ActiveCfg = AppStore|iPhone
		{D0633B6B-46B4-4E8B-A73B-894CB0D020A1}.AppStore|iPhone.ActiveCfg = AppStore|iPhone
		{D0633B6B-46B4-4E8B-A73B-894CB0D020A1}.AppStore|iPhone.Build.0 = AppStore|iPhone
		{D0633B6B-46B4-4E8B-A73B-894CB0D020A1}.AppStore|iPhoneSimulator.ActiveCfg = AppStore|iPhoneSimulator
		{D0633B6B-46B4-4E8B-A73B-894CB0D020A1}.AppStore|iPhoneSimulator.Build.0 = AppStore|iPhoneSimulator
		{D0633B6B-46B4-4E8B-A73B-894CB0D020A1}.AppStore|x64.ActiveCfg = AppStore|iPhone
		{D0633B6B-46B4-4E8B-A73B-894CB0D020A1}.AppStore|x86.ActiveCfg = AppStore|iPhone
		{D0633B6B-46B4-4E8B-A73B-894CB0D020A1}.Debug|Any CPU.ActiveCfg = Debug|iPhone
		{D0633B6B-46B4-4E8B-A73B-894CB0D020A1}.Debug|ARM.ActiveCfg = Debug|iPhone
		{D0633B6B-46B4-4E8B-A73B-894CB0D020A1}.Debug|iPhone.ActiveCfg = Debug|iPhone
		{D0633B6B-46B4-4E8B-A73B-894CB0D020A1}.Debug|iPhone.Build.0 = Debug|iPhone
		{D0633B6B-46B4-4E8B-A73B-894CB0D020A1}.Debug|iPhoneSimulator.ActiveCfg = Debug|iPhoneSimulator
		{D0633B6B-46B4-4E8B-A73B-894CB0D020A1}.Debug|iPhoneSimulator.Build.0 = Debug|iPhoneSimulator
		{D0633B6B-46B4-4E8B-A73B-894CB0D020A1}.Debug|x64.ActiveCfg = Debug|iPhone
		{D0633B6B-46B4-4E8B-A73B-894CB0D020A1}.Debug|x86.ActiveCfg = Debug|iPhone
		{D0633B6B-46B4-4E8B-A73B-894CB0D020A1}.Release|Any CPU.ActiveCfg = Release|iPhone
		{D0633B6B-46B4-4E8B-A73B-894CB0D020A1}.Release|ARM.ActiveCfg = Release|iPhone
		{D0633B6B-46B4-4E8B-A73B-894CB0D020A1}.Release|iPhone.ActiveCfg = Release|iPhone
		{D0633B6B-46B4-4E8B-A73B-894CB0D020A1}.Release|iPhone.Build.0 = Release|iPhone
		{D0633B6B-46B4-4E8B-A73B-894CB0D020A1}.Release|iPhoneSimulator.ActiveCfg = Release|iPhoneSimulator
		{D0633B6B-46B4-4E8B-A73B-894CB0D020A1}.Release|iPhoneSimulator.Build.0 = Release|iPhoneSimulator
		{D0633B6B-46B4-4E8B-A73B-894CB0D020A1}.Release|x64.ActiveCfg = Release|iPhone
		{D0633B6B-46B4-4E8B-A73B-894CB0D020A1}.Release|x86.ActiveCfg = Release|iPhone
		{91DB64CB-C08A-4E38-9566-3F0E653EE891}.Ad-Hoc|Any CPU.ActiveCfg = Release|x86
		{91DB64CB-C08A-4E38-9566-3F0E653EE891}.Ad-Hoc|Any CPU.Build.0 = Release|x86
		{91DB64CB-C08A-4E38-9566-3F0E653EE891}.Ad-Hoc|Any CPU.Deploy.0 = Release|x86
		{91DB64CB-C08A-4E38-9566-3F0E653EE891}.Ad-Hoc|ARM.ActiveCfg = Release|ARM
		{91DB64CB-C08A-4E38-9566-3F0E653EE891}.Ad-Hoc|ARM.Build.0 = Release|ARM
		{91DB64CB-C08A-4E38-9566-3F0E653EE891}.Ad-Hoc|ARM.Deploy.0 = Release|ARM
		{91DB64CB-C08A-4E38-9566-3F0E653EE891}.Ad-Hoc|iPhone.ActiveCfg = Release|x86
		{91DB64CB-C08A-4E38-9566-3F0E653EE891}.Ad-Hoc|iPhone.Build.0 = Release|x86
		{91DB64CB-C08A-4E38-9566-3F0E653EE891}.Ad-Hoc|iPhone.Deploy.0 = Release|x86
		{91DB64CB-C08A-4E38-9566-3F0E653EE891}.Ad-Hoc|iPhoneSimulator.ActiveCfg = Release|x86
		{91DB64CB-C08A-4E38-9566-3F0E653EE891}.Ad-Hoc|iPhoneSimulator.Build.0 = Release|x86
		{91DB64CB-C08A-4E38-9566-3F0E653EE891}.Ad-Hoc|iPhoneSimulator.Deploy.0 = Release|x86
		{91DB64CB-C08A-4E38-9566-3F0E653EE891}.Ad-Hoc|x64.ActiveCfg = Release|x64
		{91DB64CB-C08A-4E38-9566-3F0E653EE891}.Ad-Hoc|x64.Build.0 = Release|x64
		{91DB64CB-C08A-4E38-9566-3F0E653EE891}.Ad-Hoc|x64.Deploy.0 = Release|x64
		{91DB64CB-C08A-4E38-9566-3F0E653EE891}.Ad-Hoc|x86.ActiveCfg = Release|x86
		{91DB64CB-C08A-4E38-9566-3F0E653EE891}.Ad-Hoc|x86.Build.0 = Release|x86
		{91DB64CB-C08A-4E38-9566-3F0E653EE891}.Ad-Hoc|x86.Deploy.0 = Release|x86
		{91DB64CB-C08A-4E38-9566-3F0E653EE891}.AppStore|Any CPU.ActiveCfg = Release|x86
		{91DB64CB-C08A-4E38-9566-3F0E653EE891}.AppStore|Any CPU.Build.0 = Release|x86
		{91DB64CB-C08A-4E38-9566-3F0E653EE891}.AppStore|Any CPU.Deploy.0 = Release|x86
		{91DB64CB-C08A-4E38-9566-3F0E653EE891}.AppStore|ARM.ActiveCfg = Release|ARM
		{91DB64CB-C08A-4E38-9566-3F0E653EE891}.AppStore|ARM.Build.0 = Release|ARM
		{91DB64CB-C08A-4E38-9566-3F0E653EE891}.AppStore|ARM.Deploy.0 = Release|ARM
		{91DB64CB-C08A-4E38-9566-3F0E653EE891}.AppStore|iPhone.ActiveCfg = Release|x86
		{91DB64CB-C08A-4E38-9566-3F0E653EE891}.AppStore|iPhone.Build.0 = Release|x86
		{91DB64CB-C08A-4E38-9566-3F0E653EE891}.AppStore|iPhone.Deploy.0 = Release|x86
		{91DB64CB-C08A-4E38-9566-3F0E653EE891}.AppStore|iPhoneSimulator.ActiveCfg = Release|x86
		{91DB64CB-C08A-4E38-9566-3F0E653EE891}.AppStore|iPhoneSimulator.Build.0 = Release|x86
		{91DB64CB-C08A-4E38-9566-3F0E653EE891}.AppStore|iPhoneSimulator.Deploy.0 = Release|x86
		{91DB64CB-C08A-4E38-9566-3F0E653EE891}.AppStore|x64.ActiveCfg = Release|x64
		{91DB64CB-C08A-4E38-9566-3F0E653EE891}.AppStore|x64.Build.0 = Release|x64
		{91DB64CB-C08A-4E38-9566-3F0E653EE891}.AppStore|x64.Deploy.0 = Release|x64
		{91DB64CB-C08A-4E38-9566-3F0E653EE891}.AppStore|x86.ActiveCfg = Release|x86
		{91DB64CB-C08A-4E38-9566-3F0E653EE891}.AppStore|x86.Build.0 = Release|x86
		{91DB64CB-C08A-4E38-9566-3F0E653EE891}.AppStore|x86.Deploy.0 = Release|x86
		{91DB64CB-C08A-4E38-9566-3F0E653EE891}.Debug|Any CPU.ActiveCfg = Debug|x86
		{91DB64CB-C08A-4E38-9566-3F0E653EE891}.Debug|ARM.ActiveCfg = Debug|ARM
		{91DB64CB-C08A-4E38-9566-3F0E653EE891}.Debug|ARM.Build.0 = Debug|ARM
		{91DB64CB-C08A-4E38-9566-3F0E653EE891}.Debug|ARM.Deploy.0 = Debug|ARM
		{91DB64CB-C08A-4E38-9566-3F0E653EE891}.Debug|iPhone.ActiveCfg = Debug|x86
		{91DB64CB-C08A-4E38-9566-3F0E653EE891}.Debug|iPhoneSimulator.ActiveCfg = Debug|x86
		{91DB64CB-C08A-4E38-9566-3F0E653EE891}.Debug|x64.ActiveCfg = Debug|x64
		{91DB64CB-C08A-4E38-9566-3F0E653EE891}.Debug|x64.Build.0 = Debug|x64
		{91DB64CB-C08A-4E38-9566-3F0E653EE891}.Debug|x64.Deploy.0 = Debug|x64
		{91DB64CB-C08A-4E38-9566-3F0E653EE891}.Debug|x86.ActiveCfg = Debug|x86
		{91DB64CB-C08A-4E38-9566-3F0E653EE891}.Debug|x86.Build.0 = Debug|x86
		{91DB64CB-C08A-4E38-9566-3F0E653EE891}.Debug|x86.Deploy.0 = Debug|x86
		{91DB64CB-C08A-4E38-9566-3F0E653EE891}.Release|Any CPU.ActiveCfg = Release|x86
		{91DB64CB-C08A-4E38-9566-3F0E653EE891}.Release|ARM.ActiveCfg = Release|ARM
		{91DB64CB-C08A-4E38-9566-3F0E653EE891}.Release|ARM.Build.0 = Release|ARM
		{91DB64CB-C08A-4E38-9566-3F0E653EE891}.Release|ARM.Deploy.0 = Release|ARM
		{91DB64CB-C08A-4E38-9566-3F0E653EE891}.Release|iPhone.ActiveCfg = Release|x86
		{91DB64CB-C08A-4E38-9566-3F0E653EE891}.Release|iPhoneSimulator.ActiveCfg = Release|x86
		{91DB64CB-C08A-4E38-9566-3F0E653EE891}.Release|x64.ActiveCfg = Release|x64
		{91DB64CB-C08A-4E38-9566-3F0E653EE891}.Release|x64.Build.0 = Release|x64
		{91DB64CB-C08A-4E38-9566-3F0E653EE891}.Release|x64.Deploy.0 = Release|x64
		{91DB64CB-C08A-4E38-9566-3F0E653EE891}.Release|x86.ActiveCfg = Release|x86
		{91DB64CB-C08A-4E38-9566-3F0E653EE891}.Release|x86.Build.0 = Release|x86
		{91DB64CB-C08A-4E38-9566-3F0E653EE891}.Release|x86.Deploy.0 = Release|x86
	EndGlobalSection
	GlobalSection(SolutionProperties) = preSolution
		HideSolutionNode = FALSE
	EndGlobalSection
	GlobalSection(ExtensibilityGlobals) = postSolution
		SolutionGuid = {FFEFB3DB-9445-49D0-98ED-08B8B72E3345}
	EndGlobalSection
EndGlobal
